
Microsoft Visual Studio Solution File, Format Version 12.00
# Visual Studio Version 17
VisualStudioVersion = 17.4.33110.190
MinimumVisualStudioVersion = 10.0.40219.1
Project("{8BC9CEB8-8B4A-11D0-8D11-00A0C91BC942}") = "IntroductionToOOP", "IntroductionToOOP\IntroductionToOOP.vcxproj", "{41CC7428-8527-4154-BA07-9CBCF6B38CB3}"
EndProject
Project("{8BC9CEB8-8B4A-11D0-8D11-00A0C91BC942}") = "Fraction", "Fraction\Fraction.vcxproj", "{1D3F9665-AD61-46A1-88A3-8D468367F84C}"
EndProject
Project("{8BC9CEB8-8B4A-11D0-8D11-00A0C91BC942}") = "testFraction", "testFraction\testFraction.vcxproj", "{B4FD05C5-A869-4C51-A1E2-E066E5CD9627}"
EndProject
Project("{8BC9CEB8-8B4A-11D0-8D11-00A0C91BC942}") = "String", "String\String.vcxproj", "{6115B7F8-FBF4-41AD-90E2-9D00C506C77E}"
EndProject
Global
	GlobalSection(SolutionConfigurationPlatforms) = preSolution
		Debug|x64 = Debug|x64
		Debug|x86 = Debug|x86
		Release|x64 = Release|x64
		Release|x86 = Release|x86
	EndGlobalSection
	GlobalSection(ProjectConfigurationPlatforms) = postSolution
		{41CC7428-8527-4154-BA07-9CBCF6B38CB3}.Debug|x64.ActiveCfg = Debug|x64
		{41CC7428-8527-4154-BA07-9CBCF6B38CB3}.Debug|x64.Build.0 = Debug|x64
		{41CC7428-8527-4154-BA07-9CBCF6B38CB3}.Debug|x86.ActiveCfg = Debug|Win32
		{41CC7428-8527-4154-BA07-9CBCF6B38CB3}.Debug|x86.Build.0 = Debug|Win32
		{41CC7428-8527-4154-BA07-9CBCF6B38CB3}.Release|x64.ActiveCfg = Release|x64
		{41CC7428-8527-4154-BA07-9CBCF6B38CB3}.Release|x64.Build.0 = Release|x64
		{41CC7428-8527-4154-BA07-9CBCF6B38CB3}.Release|x86.ActiveCfg = Release|Win32
		{41CC7428-8527-4154-BA07-9CBCF6B38CB3}.Release|x86.Build.0 = Release|Win32
		{1D3F9665-AD61-46A1-88A3-8D468367F84C}.Debug|x64.ActiveCfg = Debug|x64
		{1D3F9665-AD61-46A1-88A3-8D468367F84C}.Debug|x64.Build.0 = Debug|x64
		{1D3F9665-AD61-46A1-88A3-8D468367F84C}.Debug|x86.ActiveCfg = Debug|Win32
		{1D3F9665-AD61-46A1-88A3-8D468367F84C}.Debug|x86.Build.0 = Debug|Win32
		{1D3F9665-AD61-46A1-88A3-8D468367F84C}.Release|x64.ActiveCfg = Release|x64
		{1D3F9665-AD61-46A1-88A3-8D468367F84C}.Release|x64.Build.0 = Release|x64
		{1D3F9665-AD61-46A1-88A3-8D468367F84C}.Release|x86.ActiveCfg = Release|Win32
		{1D3F9665-AD61-46A1-88A3-8D468367F84C}.Release|x86.Build.0 = Release|Win32
		{B4FD05C5-A869-4C51-A1E2-E066E5CD9627}.Debug|x64.ActiveCfg = Debug|x64
		{B4FD05C5-A869-4C51-A1E2-E066E5CD9627}.Debug|x64.Build.0 = Debug|x64
		{B4FD05C5-A869-4C51-A1E2-E066E5CD9627}.Debug|x86.ActiveCfg = Debug|Win32
		{B4FD05C5-A869-4C51-A1E2-E066E5CD9627}.Debug|x86.Build.0 = Debug|Win32
		{B4FD05C5-A869-4C51-A1E2-E066E5CD9627}.Release|x64.ActiveCfg = Release|x64
		{B4FD05C5-A869-4C51-A1E2-E066E5CD9627}.Release|x64.Build.0 = Release|x64
		{B4FD05C5-A869-4C51-A1E2-E066E5CD9627}.Release|x86.ActiveCfg = Release|Win32
		{B4FD05C5-A869-4C51-A1E2-E066E5CD9627}.Release|x86.Build.0 = Release|Win32
		{6115B7F8-FBF4-41AD-90E2-9D00C506C77E}.Debug|x64.ActiveCfg = Debug|x64
		{6115B7F8-FBF4-41AD-90E2-9D00C506C77E}.Debug|x64.Build.0 = Debug|x64
		{6115B7F8-FBF4-41AD-90E2-9D00C506C77E}.Debug|x86.ActiveCfg = Debug|Win32
		{6115B7F8-FBF4-41AD-90E2-9D00C506C77E}.Debug|x86.Build.0 = Debug|Win32
		{6115B7F8-FBF4-41AD-90E2-9D00C506C77E}.Release|x64.ActiveCfg = Release|x64
		{6115B7F8-FBF4-41AD-90E2-9D00C506C77E}.Release|x64.Build.0 = Release|x64
		{6115B7F8-FBF4-41AD-90E2-9D00C506C77E}.Release|x86.ActiveCfg = Release|Win32
		{6115B7F8-FBF4-41AD-90E2-9D00C506C77E}.Release|x86.Build.0 = Release|Win32
	EndGlobalSection
	GlobalSection(SolutionProperties) = preSolution
		HideSolutionNode = FALSE
	EndGlobalSection
	GlobalSection(ExtensibilityGlobals) = postSolution
		SolutionGuid = {43FD9694-8E36-4B9E-8785-38C1772FC72C}
	EndGlobalSection
EndGlobal
